
Microsoft Visual Studio Solution File, Format Version 12.00
# Visual Studio Version 17
VisualStudioVersion = 17.11.35327.3
MinimumVisualStudioVersion = 10.0.40219.1
Project("{FAE04EC0-301F-11D3-BF4B-00C04F79EFBC}") = "Файлик", "Файлик\Файлик.csproj", "{FA03D4A2-0A9A-4FE4-B4BA-AA2F56F4124B}"
EndProject
Project("{FAE04EC0-301F-11D3-BF4B-00C04F79EFBC}") = "Тумаков", "Тумаков\Тумаков.csproj", "{78E7BDC7-CD9D-471F-9D68-6E028FDC04A2}"
EndProject
Global
	GlobalSection(SolutionConfigurationPlatforms) = preSolution
		Debug|Any CPU = Debug|Any CPU
		Release|Any CPU = Release|Any CPU
	EndGlobalSection
	GlobalSection(ProjectConfigurationPlatforms) = postSolution
		{FA03D4A2-0A9A-4FE4-B4BA-AA2F56F4124B}.Debug|Any CPU.ActiveCfg = Debug|Any CPU
		{FA03D4A2-0A9A-4FE4-B4BA-AA2F56F4124B}.Debug|Any CPU.Build.0 = Debug|Any CPU
		{FA03D4A2-0A9A-4FE4-B4BA-AA2F56F4124B}.Release|Any CPU.ActiveCfg = Release|Any CPU
		{FA03D4A2-0A9A-4FE4-B4BA-AA2F56F4124B}.Release|Any CPU.Build.0 = Release|Any CPU
		{78E7BDC7-CD9D-471F-9D68-6E028FDC04A2}.Debug|Any CPU.ActiveCfg = Debug|Any CPU
		{78E7BDC7-CD9D-471F-9D68-6E028FDC04A2}.Debug|Any CPU.Build.0 = Debug|Any CPU
		{78E7BDC7-CD9D-471F-9D68-6E028FDC04A2}.Release|Any CPU.ActiveCfg = Release|Any CPU
		{78E7BDC7-CD9D-471F-9D68-6E028FDC04A2}.Release|Any CPU.Build.0 = Release|Any CPU
	EndGlobalSection
	GlobalSection(SolutionProperties) = preSolution
		HideSolutionNode = FALSE
	EndGlobalSection
	GlobalSection(ExtensibilityGlobals) = postSolution
		SolutionGuid = {21D4A33F-FD18-4366-AC25-713AE50ABDD5}
	EndGlobalSection
EndGlobal
